
Microsoft Visual Studio Solution File, Format Version 12.00
# Visual Studio Version 17
VisualStudioVersion = 17.12.35527.113 d17.12
MinimumVisualStudioVersion = 10.0.40219.1
Project("{FAE04EC0-301F-11D3-BF4B-00C04F79EFBC}") = "Linear_Algebra_C#", "Linear_Algebra_C#.csproj", "{BE1A2793-9063-497B-ADE6-CD2833D1B67D}"
EndProject
Global
	GlobalSection(SolutionConfigurationPlatforms) = preSolution
		Debug|Any CPU = Debug|Any CPU
		Release|Any CPU = Release|Any CPU
	EndGlobalSection
	GlobalSection(ProjectConfigurationPlatforms) = postSolution
		{BE1A2793-9063-497B-ADE6-CD2833D1B67D}.Debug|Any CPU.ActiveCfg = Debug|Any CPU
		{BE1A2793-9063-497B-ADE6-CD2833D1B67D}.Debug|Any CPU.Build.0 = Debug|Any CPU
		{BE1A2793-9063-497B-ADE6-CD2833D1B67D}.Release|Any CPU.ActiveCfg = Release|Any CPU
		{BE1A2793-9063-497B-ADE6-CD2833D1B67D}.Release|Any CPU.Build.0 = Release|Any CPU
	EndGlobalSection
	GlobalSection(SolutionProperties) = preSolution
		HideSolutionNode = FALSE
	EndGlobalSection
EndGlobal
